
Microsoft Visual Studio Solution File, Format Version 12.00
# Visual Studio Version 17
VisualStudioVersion = 17.10.35122.118
MinimumVisualStudioVersion = 10.0.40219.1
Project("{FAE04EC0-301F-11D3-BF4B-00C04F79EFBC}") = "Turn Based Combat Game", "Turn Based Combat Game\Turn Based Combat Game.csproj", "{8887892A-9A7E-485A-A137-A3CC4646CB3C}"
EndProject
Global
	GlobalSection(SolutionConfigurationPlatforms) = preSolution
		Debug|Any CPU = Debug|Any CPU
		Release|Any CPU = Release|Any CPU
	EndGlobalSection
	GlobalSection(ProjectConfigurationPlatforms) = postSolution
		{8887892A-9A7E-485A-A137-A3CC4646CB3C}.Debug|Any CPU.ActiveCfg = Debug|Any CPU
		{8887892A-9A7E-485A-A137-A3CC4646CB3C}.Debug|Any CPU.Build.0 = Debug|Any CPU
		{8887892A-9A7E-485A-A137-A3CC4646CB3C}.Release|Any CPU.ActiveCfg = Release|Any CPU
		{8887892A-9A7E-485A-A137-A3CC4646CB3C}.Release|Any CPU.Build.0 = Release|Any CPU
	EndGlobalSection
	GlobalSection(SolutionProperties) = preSolution
		HideSolutionNode = FALSE
	EndGlobalSection
	GlobalSection(ExtensibilityGlobals) = postSolution
		SolutionGuid = {15AAE7A5-B47D-4226-BB87-7DB76BB8C534}
	EndGlobalSection
EndGlobal
