
Microsoft Visual Studio Solution File, Format Version 12.00
# Visual Studio Version 17
VisualStudioVersion = 17.10.35122.118
MinimumVisualStudioVersion = 10.0.40219.1
Project("{FAE04EC0-301F-11D3-BF4B-00C04F79EFBC}") = "TicTacToe Game 2", "TicTacToe Game 2\TicTacToe Game 2.csproj", "{2B03DBC1-2C51-4176-B091-F8AE1801FC51}"
EndProject
Global
	GlobalSection(SolutionConfigurationPlatforms) = preSolution
		Debug|Any CPU = Debug|Any CPU
		Release|Any CPU = Release|Any CPU
	EndGlobalSection
	GlobalSection(ProjectConfigurationPlatforms) = postSolution
		{2B03DBC1-2C51-4176-B091-F8AE1801FC51}.Debug|Any CPU.ActiveCfg = Debug|Any CPU
		{2B03DBC1-2C51-4176-B091-F8AE1801FC51}.Debug|Any CPU.Build.0 = Debug|Any CPU
		{2B03DBC1-2C51-4176-B091-F8AE1801FC51}.Release|Any CPU.ActiveCfg = Release|Any CPU
		{2B03DBC1-2C51-4176-B091-F8AE1801FC51}.Release|Any CPU.Build.0 = Release|Any CPU
	EndGlobalSection
	GlobalSection(SolutionProperties) = preSolution
		HideSolutionNode = FALSE
	EndGlobalSection
	GlobalSection(ExtensibilityGlobals) = postSolution
		SolutionGuid = {F35DBCEE-D0EA-4A95-B875-FC0FB4C5A735}
	EndGlobalSection
EndGlobal
